// !$*UTF8*$!
{
	archiveVersion = 1;
	classes = {
	};
	objectVersion = 50;
	objects = {

/* Begin PBXBuildFile section */
		FAD603222607B2E300EB4A97 /* AppDelegate.swift in Sources */ = {isa = PBXBuildFile; fileRef = FAD603212607B2E300EB4A97 /* AppDelegate.swift */; };
		FAD603242607B2E300EB4A97 /* SceneDelegate.swift in Sources */ = {isa = PBXBuildFile; fileRef = FAD603232607B2E300EB4A97 /* SceneDelegate.swift */; };
		FAD603262607B2E300EB4A97 /* ViewController.swift in Sources */ = {isa = PBXBuildFile; fileRef = FAD603252607B2E300EB4A97 /* ViewController.swift */; };
		FAD603292607B2E300EB4A97 /* Main.storyboard in Resources */ = {isa = PBXBuildFile; fileRef = FAD603272607B2E300EB4A97 /* Main.storyboard */; };
		FAD6032B2607B2E400EB4A97 /* Assets.xcassets in Resources */ = {isa = PBXBuildFile; fileRef = FAD6032A2607B2E400EB4A97 /* Assets.xcassets */; };
		FAD6032E2607B2E400EB4A97 /* LaunchScreen.storyboard in Resources */ = {isa = PBXBuildFile; fileRef = FAD6032C2607B2E400EB4A97 /* LaunchScreen.storyboard */; };
		FAD603392607BA8300EB4A97 /* SecondViewController.swift in Sources */ = {isa = PBXBuildFile; fileRef = FAD603382607BA8300EB4A97 /* SecondViewController.swift */; };
		FAD6033C2607BC9A00EB4A97 /* SecondViewController.storyboard in Resources */ = {isa = PBXBuildFile; fileRef = FAD6033B2607BC9A00EB4A97 /* SecondViewController.storyboard */; };
/* End PBXBuildFile section */

/* Begin PBXFileReference section */
		FAD6031E2607B2E300EB4A97 /* Dz7(3,2).app */ = {isa = PBXFileReference; explicitFileType = wrapper.application; includeInIndex = 0; path = "Dz7(3,2).app"; sourceTree = BUILT_PRODUCTS_DIR; };
		FAD603212607B2E300EB4A97 /* AppDelegate.swift */ = {isa = PBXFileReference; lastKnownFileType = sourcecode.swift; path = AppDelegate.swift; sourceTree = "<group>"; };
		FAD603232607B2E300EB4A97 /* SceneDelegate.swift */ = {isa = PBXFileReference; lastKnownFileType = sourcecode.swift; path = SceneDelegate.swift; sourceTree = "<group>"; };
		FAD603252607B2E300EB4A97 /* ViewController.swift */ = {isa = PBXFileReference; lastKnownFileType = sourcecode.swift; path = ViewController.swift; sourceTree = "<group>"; };
		FAD603282607B2E300EB4A97 /* Base */ = {isa = PBXFileReference; lastKnownFileType = file.storyboard; name = Base; path = Base.lproj/Main.storyboard; sourceTree = "<group>"; };
		FAD6032A2607B2E400EB4A97 /* Assets.xcassets */ = {isa = PBXFileReference; lastKnownFileType = folder.assetcatalog; path = Assets.xcassets; sourceTree = "<group>"; };
		FAD6032D2607B2E400EB4A97 /* Base */ = {isa = PBXFileReference; lastKnownFileType = file.storyboard; name = Base; path = Base.lproj/LaunchScreen.storyboard; sourceTree = "<group>"; };
		FAD6032F2607B2E400EB4A97 /* Info.plist */ = {isa = PBXFileReference; lastKnownFileType = text.plist.xml; path = Info.plist; sourceTree = "<group>"; };
		FAD603382607BA8300EB4A97 /* SecondViewController.swift */ = {isa = PBXFileReference; lastKnownFileType = sourcecode.swift; path = SecondViewController.swift; sourceTree = "<group>"; };
		FAD6033B2607BC9A00EB4A97 /* SecondViewController.storyboard */ = {isa = PBXFileReference; lastKnownFileType = file.storyboard; path = SecondViewController.storyboard; sourceTree = "<group>"; };
/* End PBXFileReference section */

/* Begin PBXFrameworksBuildPhase section */
		FAD6031B2607B2E300EB4A97 /* Frameworks */ = {
			isa = PBXFrameworksBuildPhase;
			buildActionMask = 2147483647;
			files = (
			);
			runOnlyForDeploymentPostprocessing = 0;
		};
/* End PBXFrameworksBuildPhase section */

/* Begin PBXGroup section */
		FAD603152607B2E300EB4A97 = {
			isa = PBXGroup;
			children = (
				FAD603202607B2E300EB4A97 /* Dz7(3,2) */,
				FAD6031F2607B2E300EB4A97 /* Products */,
			);
			sourceTree = "<group>";
		};
		FAD6031F2607B2E300EB4A97 /* Products */ = {
			isa = PBXGroup;
			children = (
				FAD6031E2607B2E300EB4A97 /* Dz7(3,2).app */,
			);
			name = Products;
			sourceTree = "<group>";
		};
		FAD603202607B2E300EB4A97 /* Dz7(3,2) */ = {
			isa = PBXGroup;
			children = (
				FAD603212607B2E300EB4A97 /* AppDelegate.swift */,
				FAD603232607B2E300EB4A97 /* SceneDelegate.swift */,
				FAD603252607B2E300EB4A97 /* ViewController.swift */,
				FAD603382607BA8300EB4A97 /* SecondViewController.swift */,
				FAD603272607B2E300EB4A97 /* Main.storyboard */,
				FAD6033B2607BC9A00EB4A97 /* SecondViewController.storyboard */,
				FAD6032A2607B2E400EB4A97 /* Assets.xcassets */,
				FAD6032C2607B2E400EB4A97 /* LaunchScreen.storyboard */,
				FAD6032F2607B2E400EB4A97 /* Info.plist */,
			);
			path = "Dz7(3,2)";
			sourceTree = "<group>";
		};
/* End PBXGroup section */

/* Begin PBXNativeTarget section */
		FAD6031D2607B2E300EB4A97 /* Dz7(3,2) */ = {
			isa = PBXNativeTarget;
			buildConfigurationList = FAD603322607B2E400EB4A97 /* Build configuration list for PBXNativeTarget "Dz7(3,2)" */;
			buildPhases = (
				FAD6031A2607B2E300EB4A97 /* Sources */,
				FAD6031B2607B2E300EB4A97 /* Frameworks */,
				FAD6031C2607B2E300EB4A97 /* Resources */,
			);
			buildRules = (
			);
			dependencies = (
			);
			name = "Dz7(3,2)";
			productName = "Dz7(3,2)";
			productReference = FAD6031E2607B2E300EB4A97 /* Dz7(3,2).app */;
			productType = "com.apple.product-type.application";
		};
/* End PBXNativeTarget section */

/* Begin PBXProject section */
		FAD603162607B2E300EB4A97 /* Project object */ = {
			isa = PBXProject;
			attributes = {
				LastSwiftUpdateCheck = 1240;
				LastUpgradeCheck = 1240;
				TargetAttributes = {
					FAD6031D2607B2E300EB4A97 = {
						CreatedOnToolsVersion = 12.4;
					};
				};
			};
			buildConfigurationList = FAD603192607B2E300EB4A97 /* Build configuration list for PBXProject "Dz7(3,2)" */;
			compatibilityVersion = "Xcode 9.3";
			developmentRegion = en;
			hasScannedForEncodings = 0;
			knownRegions = (
				en,
				Base,
			);
			mainGroup = FAD603152607B2E300EB4A97;
			productRefGroup = FAD6031F2607B2E300EB4A97 /* Products */;
			projectDirPath = "";
			projectRoot = "";
			targets = (
				FAD6031D2607B2E300EB4A97 /* Dz7(3,2) */,
			);
		};
/* End PBXProject section */

/* Begin PBXResourcesBuildPhase section */
		FAD6031C2607B2E300EB4A97 /* Resources */ = {
			isa = PBXResourcesBuildPhase;
			buildActionMask = 2147483647;
			files = (
				FAD6032E2607B2E400EB4A97 /* LaunchScreen.storyboard in Resources */,
				FAD6033C2607BC9A00EB4A97 /* SecondViewController.storyboard in Resources */,
				FAD6032B2607B2E400EB4A97 /* Assets.xcassets in Resources */,
				FAD603292607B2E300EB4A97 /* Main.storyboard in Resources */,
			);
			runOnlyForDeploymentPostprocessing = 0;
		};
/* End PBXResourcesBuildPhase section */

/* Begin PBXSourcesBuildPhase section */
		FAD6031A2607B2E300EB4A97 /* Sources */ = {
			isa = PBXSourcesBuildPhase;
			buildActionMask = 2147483647;
			files = (
				FAD603392607BA8300EB4A97 /* SecondViewController.swift in Sources */,
				FAD603262607B2E300EB4A97 /* ViewController.swift in Sources */,
				FAD603222607B2E300EB4A97 /* AppDelegate.swift in Sources */,
				FAD603242607B2E300EB4A97 /* SceneDelegate.swift in Sources */,
			);
			runOnlyForDeploymentPostprocessing = 0;
		};
/* End PBXSourcesBuildPhase section */

/* Begin PBXVariantGroup section */
		FAD603272607B2E300EB4A97 /* Main.storyboard */ = {
			isa = PBXVariantGroup;
			children = (
				FAD603282607B2E300EB4A97 /* Base */,
			);
			name = Main.storyboard;
			sourceTree = "<group>";
		};
		FAD6032C2607B2E400EB4A97 /* LaunchScreen.storyboard */ = {
			isa = PBXVariantGroup;
			children = (
				FAD6032D2607B2E400EB4A97 /* Base */,
			);
			name = LaunchScreen.storyboard;
			sourceTree = "<group>";
		};
/* End PBXVariantGroup section */

/* Begin XCBuildConfiguration section */
		FAD603302607B2E400EB4A97 /* Debug */ = {
			isa = XCBuildConfiguration;
			buildSettings = {
				ALWAYS_SEARCH_USER_PATHS = NO;
				CLANG_ANALYZER_NONNULL = YES;
				CLANG_ANALYZER_NUMBER_OBJECT_CONVERSION = YES_AGGRESSIVE;
				CLANG_CXX_LANGUAGE_STANDARD = "gnu++14";
				CLANG_CXX_LIBRARY = "libc++";
				CLANG_ENABLE_MODULES = YES;
				CLANG_ENABLE_OBJC_ARC = YES;
				CLANG_ENABLE_OBJC_WEAK = YES;
				CLANG_WARN_BLOCK_CAPTURE_AUTORELEASING = YES;
				CLANG_WARN_BOOL_CONVERSION = YES;
				CLANG_WARN_COMMA = YES;
				CLANG_WARN_CONSTANT_CONVERSION = YES;
				CLANG_WARN_DEPRECATED_OBJC_IMPLEMENTATIONS = YES;
				CLANG_WARN_DIRECT_OBJC_ISA_USAGE = YES_ERROR;
				CLANG_WARN_DOCUMENTATION_COMMENTS = YES;
				CLANG_WARN_EMPTY_BODY = YES;
				CLANG_WARN_ENUM_CONVERSION = YES;
				CLANG_WARN_INFINITE_RECURSION = YES;
				CLANG_WARN_INT_CONVERSION = YES;
				CLANG_WARN_NON_LITERAL_NULL_CONVERSION = YES;
				CLANG_WARN_OBJC_IMPLICIT_RETAIN_SELF = YES;
				CLANG_WARN_OBJC_LITERAL_CONVERSION = YES;
				CLANG_WARN_OBJC_ROOT_CLASS = YES_ERROR;
				CLANG_WARN_QUOTED_INCLUDE_IN_FRAMEWORK_HEADER = YES;
				CLANG_WARN_RANGE_LOOP_ANALYSIS = YES;
				CLANG_WARN_STRICT_PROTOTYPES = YES;
				CLANG_WARN_SUSPICIOUS_MOVE = YES;
				CLANG_WARN_UNGUARDED_AVAILABILITY = YES_AGGRESSIVE;
				CLANG_WARN_UNREACHABLE_CODE = YES;
				CLANG_WARN__DUPLICATE_METHOD_MATCH = YES;
				COPY_PHASE_STRIP = NO;
				DEBUG_INFORMATION_FORMAT = dwarf;
				ENABLE_STRICT_OBJC_MSGSEND = YES;
				ENABLE_TESTABILITY = YES;
				GCC_C_LANGUAGE_STANDARD = gnu11;
				GCC_DYNAMIC_NO_PIC = NO;
				GCC_NO_COMMON_BLOCKS = YES;
				GCC_OPTIMIZATION_LEVEL = 0;
				GCC_PREPROCESSOR_DEFINITIONS = (
					"DEBUG=1",
					"$(inherited)",
				);
				GCC_WARN_64_TO_32_BIT_CONVERSION = YES;
				GCC_WARN_ABOUT_RETURN_TYPE = YES_ERROR;
				GCC_WARN_UNDECLARED_SELECTOR = YES;
				GCC_WARN_UNINITIALIZED_AUTOS = YES_AGGRESSIVE;
				GCC_WARN_UNUSED_FUNCTION = YES;
				GCC_WARN_UNUSED_VARIABLE = YES;
				IPHONEOS_DEPLOYMENT_TARGET = 14.4;
				MTL_ENABLE_DEBUG_INFO = INCLUDE_SOURCE;
				MTL_FAST_MATH = YES;
				ONLY_ACTIVE_ARCH = YES;
				SDKROOT = iphoneos;
				SWIFT_ACTIVE_COMPILATION_CONDITIONS = DEBUG;
				SWIFT_OPTIMIZATION_LEVEL = "-Onone";
			};
			name = Debug;
		};
		FAD603312607B2E400EB4A97 /* Release */ = {
			isa = XCBuildConfiguration;
			buildSettings = {
				ALWAYS_SEARCH_USER_PATHS = NO;
				CLANG_ANALYZER_NONNULL = YES;
				CLANG_ANALYZER_NUMBER_OBJECT_CONVERSION = YES_AGGRESSIVE;
				CLANG_CXX_LANGUAGE_STANDARD = "gnu++14";
				CLANG_CXX_LIBRARY = "libc++";
				CLANG_ENABLE_MODULES = YES;
				CLANG_ENABLE_OBJC_ARC = YES;
				CLANG_ENABLE_OBJC_WEAK = YES;
				CLANG_WARN_BLOCK_CAPTURE_AUTORELEASING = YES;
				CLANG_WARN_BOOL_CONVERSION = YES;
				CLANG_WARN_COMMA = YES;
				CLANG_WARN_CONSTANT_CONVERSION = YES;
				CLANG_WARN_DEPRECATED_OBJC_IMPLEMENTATIONS = YES;
				CLANG_WARN_DIRECT_OBJC_ISA_USAGE = YES_ERROR;
				CLANG_WARN_DOCUMENTATION_COMMENTS = YES;
				CLANG_WARN_EMPTY_BODY = YES;
				CLANG_WARN_ENUM_CONVERSION = YES;
				CLANG_WARN_INFINITE_RECURSION = YES;
				CLANG_WARN_INT_CONVERSION = YES;
				CLANG_WARN_NON_LITERAL_NULL_CONVERSION = YES;
				CLANG_WARN_OBJC_IMPLICIT_RETAIN_SELF = YES;
				CLANG_WARN_OBJC_LITERAL_CONVERSION = YES;
				CLANG_WARN_OBJC_ROOT_CLASS = YES_ERROR;
				CLANG_WARN_QUOTED_INCLUDE_IN_FRAMEWORK_HEADER = YES;
				CLANG_WARN_RANGE_LOOP_ANALYSIS = YES;
				CLANG_WARN_STRICT_PROTOTYPES = YES;
				CLANG_WARN_SUSPICIOUS_MOVE = YES;
				CLANG_WARN_UNGUARDED_AVAILABILITY = YES_AGGRESSIVE;
				CLANG_WARN_UNREACHABLE_CODE = YES;
				CLANG_WARN__DUPLICATE_METHOD_MATCH = YES;
				COPY_PHASE_STRIP = NO;
				DEBUG_INFORMATION_FORMAT = "dwarf-with-dsym";
				ENABLE_NS_ASSERTIONS = NO;
				ENABLE_STRICT_OBJC_MSGSEND = YES;
				GCC_C_LANGUAGE_STANDARD = gnu11;
				GCC_NO_COMMON_BLOCKS = YES;
				GCC_WARN_64_TO_32_BIT_CONVERSION = YES;
				GCC_WARN_ABOUT_RETURN_TYPE = YES_ERROR;
				GCC_WARN_UNDECLARED_SELECTOR = YES;
				GCC_WARN_UNINITIALIZED_AUTOS = YES_AGGRESSIVE;
				GCC_WARN_UNUSED_FUNCTION = YES;
				GCC_WARN_UNUSED_VARIABLE = YES;
				IPHONEOS_DEPLOYMENT_TARGET = 14.4;
				MTL_ENABLE_DEBUG_INFO = NO;
				MTL_FAST_MATH = YES;
				SDKROOT = iphoneos;
				SWIFT_COMPILATION_MODE = wholemodule;
				SWIFT_OPTIMIZATION_LEVEL = "-O";
				VALIDATE_PRODUCT = YES;
			};
			name = Release;
		};
		FAD603332607B2E400EB4A97 /* Debug */ = {
			isa = XCBuildConfiguration;
			buildSettings = {
				ASSETCATALOG_COMPILER_APPICON_NAME = AppIcon;
				ASSETCATALOG_COMPILER_GLOBAL_ACCENT_COLOR_NAME = AccentColor;
				CODE_SIGN_STYLE = Automatic;
				INFOPLIST_FILE = "Dz7(3,2)/Info.plist";
				LD_RUNPATH_SEARCH_PATHS = (
					"$(inherited)",
					"@executable_path/Frameworks",
				);
				PRODUCT_BUNDLE_IDENTIFIER = "Elijah.Dz7-3-2-";
				PRODUCT_NAME = "$(TARGET_NAME)";
				SWIFT_VERSION = 5.0;
				TARGETED_DEVICE_FAMILY = "1,2";
			};
			name = Debug;
		};
		FAD603342607B2E400EB4A97 /* Release */ = {
			isa = XCBuildConfiguration;
			buildSettings = {
				ASSETCATALOG_COMPILER_APPICON_NAME = AppIcon;
				ASSETCATALOG_COMPILER_GLOBAL_ACCENT_COLOR_NAME = AccentColor;
				CODE_SIGN_STYLE = Automatic;
				INFOPLIST_FILE = "Dz7(3,2)/Info.plist";
				LD_RUNPATH_SEARCH_PATHS = (
					"$(inherited)",
					"@executable_path/Frameworks",
				);
				PRODUCT_BUNDLE_IDENTIFIER = "Elijah.Dz7-3-2-";
				PRODUCT_NAME = "$(TARGET_NAME)";
				SWIFT_VERSION = 5.0;
				TARGETED_DEVICE_FAMILY = "1,2";
			};
			name = Release;
		};
/* End XCBuildConfiguration section */

/* Begin XCConfigurationList section */
		FAD603192607B2E300EB4A97 /* Build configuration list for PBXProject "Dz7(3,2)" */ = {
			isa = XCConfigurationList;
			buildConfigurations = (
				FAD603302607B2E400EB4A97 /* Debug */,
				FAD603312607B2E400EB4A97 /* Release */,
			);
			defaultConfigurationIsVisible = 0;
			defaultConfigurationName = Release;
		};
		FAD603322607B2E400EB4A97 /* Build configuration list for PBXNativeTarget "Dz7(3,2)" */ = {
			isa = XCConfigurationList;
			buildConfigurations = (
				FAD603332607B2E400EB4A97 /* Debug */,
				FAD603342607B2E400EB4A97 /* Release */,
			);
			defaultConfigurationIsVisible = 0;
			defaultConfigurationName = Release;
		};
/* End XCConfigurationList section */
	};
	rootObject = FAD603162607B2E300EB4A97 /* Project object */;
}
